
Microsoft Visual Studio Solution File, Format Version 12.00
# Visual Studio Version 16
VisualStudioVersion = 16.0.31515.178
MinimumVisualStudioVersion = 10.0.40219.1
Project("{8BC9CEB8-8B4A-11D0-8D11-00A0C91BC942}") = "1043 거짓말", "Baekjoon_Minseo\Baekjoon_Minseo.vcxproj", "{86B7C052-46DB-4E5A-BBE6-C756D76A536A}"
EndProject
Project("{8BC9CEB8-8B4A-11D0-8D11-00A0C91BC942}") = "1475 방번호", "1475 방번호\1475 방번호.vcxproj", "{97BC2987-AE6F-48BB-AACC-9EEF5356CE2A}"
EndProject
Project("{8BC9CEB8-8B4A-11D0-8D11-00A0C91BC942}") = "2503 숫자 야구", "2503 숫자 야구\2503 숫자 야구.vcxproj", "{AA5220A0-259A-4E42-BA17-4C5309431565}"
EndProject
Project("{8BC9CEB8-8B4A-11D0-8D11-00A0C91BC942}") = "1092 배", "1092 배\1092 배.vcxproj", "{AB45AF64-F5AA-4A90-86D6-13D462780D8C}"
EndProject
Project("{8BC9CEB8-8B4A-11D0-8D11-00A0C91BC942}") = "2825 수업시간에 교수님 몰래 교실을 나간 상근이", "2825 수업시간에 교수님 몰래 교실을 나간 상근이\2825 수업시간에 교수님 몰래 교실을 나간 상근이.vcxproj", "{1AC0AA16-0DE7-4FD8-B489-524BB52FBF82}"
EndProject
Project("{8BC9CEB8-8B4A-11D0-8D11-00A0C91BC942}") = "랜덤숫자N개뽑기", "랜덤숫자N개뽑기\랜덤숫자N개뽑기.vcxproj", "{C2958DE0-5EC3-4D47-ABA1-7D1E611B5A03}"
EndProject
Project("{8BC9CEB8-8B4A-11D0-8D11-00A0C91BC942}") = "2206 벽 부수고 이동하기", "2206 벽 부수고 이동하기\2206 벽 부수고 이동하기.vcxproj", "{C7B90B4A-5E17-4ACD-A836-D81A7543F911}"
EndProject
Project("{8BC9CEB8-8B4A-11D0-8D11-00A0C91BC942}") = "1504 특정한 최단 경로", "1504 특정한 최단 경로\1504 특정한 최단 경로.vcxproj", "{B1E7D625-5C59-4FEE-9D62-D4AB8E0749DC}"
EndProject
Project("{8BC9CEB8-8B4A-11D0-8D11-00A0C91BC942}") = "1167 트리의 지름", "1167 트리의 지름\1167 트리의 지름.vcxproj", "{D0F1C50B-CE6A-4328-9126-D0BFC797683D}"
EndProject
Project("{8BC9CEB8-8B4A-11D0-8D11-00A0C91BC942}") = "1238 파티", "1238 파티\1238 파티.vcxproj", "{D75B9B6F-7B6C-4A9C-B7B3-3C7A4CCD2DFE}"
EndProject
Project("{8BC9CEB8-8B4A-11D0-8D11-00A0C91BC942}") = "1920 수 찾기", "1920 수 찾기\1920 수 찾기.vcxproj", "{82C205A5-C414-47E2-A4AF-1FFB7D0CDEAC}"
EndProject
Project("{8BC9CEB8-8B4A-11D0-8D11-00A0C91BC942}") = "1003 피보나치 함수", "1003 피보나치 함수\1003 피보나치 함수.vcxproj", "{464697E9-5F55-4A2E-9C8A-14C6223CB051}"
EndProject
Project("{8BC9CEB8-8B4A-11D0-8D11-00A0C91BC942}") = "1654 랜선 자르기", "1654 랜선 자르기\1654 랜선 자르기.vcxproj", "{434C51AF-BEFC-47AE-B06D-F2B51DB6591F}"
EndProject
Project("{8BC9CEB8-8B4A-11D0-8D11-00A0C91BC942}") = "2294 동전 2", "2294 동전 2\2294 동전 2.vcxproj", "{FDAF1F2B-E213-4AF8-97AB-40E46854B036}"
EndProject
Project("{8BC9CEB8-8B4A-11D0-8D11-00A0C91BC942}") = "9663 N-Queen", "9663 N-Queen\9663 N-Queen.vcxproj", "{B11E3793-8282-4B99-92A4-E11E7AE26C9E}"
EndProject
Project("{8BC9CEB8-8B4A-11D0-8D11-00A0C91BC942}") = "2110 공유기 설치", "2110 공유기 설치\2110 공유기 설치.vcxproj", "{E45A1D89-CE4B-4886-B42C-E1058A35E284}"
EndProject
Project("{8BC9CEB8-8B4A-11D0-8D11-00A0C91BC942}") = "RUSH E", "RUSH E\RUSH E.vcxproj", "{1BC240EE-DB97-4C45-9D9D-32BA372D6CF6}"
EndProject
Project("{8BC9CEB8-8B4A-11D0-8D11-00A0C91BC942}") = "Chess", "Chess\Chess.vcxproj", "{81C8CF0D-8621-4BFC-9268-FF62296CF9A1}"
EndProject
Project("{8BC9CEB8-8B4A-11D0-8D11-00A0C91BC942}") = "1012 유기농 배추", "1012 유기농 배추\1012 유기농 배추.vcxproj", "{61113DC5-8C02-46B2-86FF-DF1565D859BA}"
EndProject
Project("{8BC9CEB8-8B4A-11D0-8D11-00A0C91BC942}") = "2178 미로 탐색", "2178 미로 탐색\2178 미로 탐색.vcxproj", "{AA039751-4986-47FF-A4D6-0B7FAE97A5F7}"
EndProject
Project("{8BC9CEB8-8B4A-11D0-8D11-00A0C91BC942}") = "1753 최단경로", "1753 최단경로\1753 최단경로.vcxproj", "{2334BC52-AA58-43EA-8F97-0A3FE0420A98}"
EndProject
Project("{8BC9CEB8-8B4A-11D0-8D11-00A0C91BC942}") = "1916 최소비용 구하기", "1916 최소비용 구하기\1916 최소비용 구하기.vcxproj", "{AA4E1069-EBF4-4464-9726-CF690023BBA5}"
EndProject
Project("{8BC9CEB8-8B4A-11D0-8D11-00A0C91BC942}") = "10972 다음 순열", "10972 다음 순열\10972 다음 순열.vcxproj", "{5FDF99BE-8C09-48BB-AE98-AE10ED68C3FE}"
EndProject
Project("{8BC9CEB8-8B4A-11D0-8D11-00A0C91BC942}") = "10974 모든 순열", "10974 모든 순열\10974 모든 순열.vcxproj", "{FD81C898-882C-4915-BAC5-436C74F2A2AE}"
EndProject
Project("{8BC9CEB8-8B4A-11D0-8D11-00A0C91BC942}") = "서강대회 A번", "서강대회 A번\서강대회 A번.vcxproj", "{41FB2130-934D-4B1E-9C4B-B53A6A7C09AF}"
EndProject
Project("{8BC9CEB8-8B4A-11D0-8D11-00A0C91BC942}") = "1967 트리의 지름", "1967 트리의 지름\1967 트리의 지름.vcxproj", "{8212FB1B-1229-4243-8610-267F80EC4D22}"
EndProject
Project("{8BC9CEB8-8B4A-11D0-8D11-00A0C91BC942}") = "15663 N과 M (9)", "15663 N과 M (9)\15663 N과 M (9).vcxproj", "{B04FDEC3-5A1B-4428-B7D0-08DFEB104F62}"
EndProject
Project("{8BC9CEB8-8B4A-11D0-8D11-00A0C91BC942}") = "14938 서강그라운드", "14938 서강그라운드\14938 서강그라운드.vcxproj", "{CAC517D8-7F2F-4835-BB2B-859C7FB9BD36}"
EndProject
Project("{8BC9CEB8-8B4A-11D0-8D11-00A0C91BC942}") = "9466 텀 프로젝트", "9466 텀 프로젝트\9466 텀 프로젝트.vcxproj", "{1D8B7F02-D84D-4E8C-9239-B10653924618}"
EndProject
Project("{8BC9CEB8-8B4A-11D0-8D11-00A0C91BC942}") = "11724 연결 요소의 개수", "11724 연결 요소의 개수\11724 연결 요소의 개수.vcxproj", "{C3CDC380-0945-4C71-99F4-FD16BD7F6C5A}"
EndProject
Project("{8BC9CEB8-8B4A-11D0-8D11-00A0C91BC942}") = "17129 윌리암슨수액빨이딱따구리가 정보섬에 올라온 이유", "17129 윌리암슨수액빨이딱따구리가 정보섬에 올라온 이유\17129 윌리암슨수액빨이딱따구리가 정보섬에 올라온 이유.vcxproj", "{77B45903-B038-418E-A86D-93C89113DD45}"
EndProject
Project("{8BC9CEB8-8B4A-11D0-8D11-00A0C91BC942}") = "1717 집합의 표현", "1717 집합의 표현\1717 집합의 표현.vcxproj", "{88FEBDC3-BFAE-49FE-8182-413F266E7CFA}"
EndProject
Project("{8BC9CEB8-8B4A-11D0-8D11-00A0C91BC942}") = "1976 여행 가자", "1976 여행 가자\1976 여행 가자.vcxproj", "{6CB3A567-54C4-4A3A-B336-6D49D203FC12}"
EndProject
Global
	GlobalSection(SolutionConfigurationPlatforms) = preSolution
		Debug|x64 = Debug|x64
		Debug|x86 = Debug|x86
		Release|x64 = Release|x64
		Release|x86 = Release|x86
	EndGlobalSection
	GlobalSection(ProjectConfigurationPlatforms) = postSolution
		{86B7C052-46DB-4E5A-BBE6-C756D76A536A}.Debug|x64.ActiveCfg = Debug|x64
		{86B7C052-46DB-4E5A-BBE6-C756D76A536A}.Debug|x64.Build.0 = Debug|x64
		{86B7C052-46DB-4E5A-BBE6-C756D76A536A}.Debug|x86.ActiveCfg = Debug|Win32
		{86B7C052-46DB-4E5A-BBE6-C756D76A536A}.Debug|x86.Build.0 = Debug|Win32
		{86B7C052-46DB-4E5A-BBE6-C756D76A536A}.Release|x64.ActiveCfg = Release|x64
		{86B7C052-46DB-4E5A-BBE6-C756D76A536A}.Release|x64.Build.0 = Release|x64
		{86B7C052-46DB-4E5A-BBE6-C756D76A536A}.Release|x86.ActiveCfg = Release|Win32
		{86B7C052-46DB-4E5A-BBE6-C756D76A536A}.Release|x86.Build.0 = Release|Win32
		{97BC2987-AE6F-48BB-AACC-9EEF5356CE2A}.Debug|x64.ActiveCfg = Debug|x64
		{97BC2987-AE6F-48BB-AACC-9EEF5356CE2A}.Debug|x64.Build.0 = Debug|x64
		{97BC2987-AE6F-48BB-AACC-9EEF5356CE2A}.Debug|x86.ActiveCfg = Debug|Win32
		{97BC2987-AE6F-48BB-AACC-9EEF5356CE2A}.Debug|x86.Build.0 = Debug|Win32
		{97BC2987-AE6F-48BB-AACC-9EEF5356CE2A}.Release|x64.ActiveCfg = Release|x64
		{97BC2987-AE6F-48BB-AACC-9EEF5356CE2A}.Release|x64.Build.0 = Release|x64
		{97BC2987-AE6F-48BB-AACC-9EEF5356CE2A}.Release|x86.ActiveCfg = Release|Win32
		{97BC2987-AE6F-48BB-AACC-9EEF5356CE2A}.Release|x86.Build.0 = Release|Win32
		{AA5220A0-259A-4E42-BA17-4C5309431565}.Debug|x64.ActiveCfg = Debug|x64
		{AA5220A0-259A-4E42-BA17-4C5309431565}.Debug|x64.Build.0 = Debug|x64
		{AA5220A0-259A-4E42-BA17-4C5309431565}.Debug|x86.ActiveCfg = Debug|Win32
		{AA5220A0-259A-4E42-BA17-4C5309431565}.Debug|x86.Build.0 = Debug|Win32
		{AA5220A0-259A-4E42-BA17-4C5309431565}.Release|x64.ActiveCfg = Release|x64
		{AA5220A0-259A-4E42-BA17-4C5309431565}.Release|x64.Build.0 = Release|x64
		{AA5220A0-259A-4E42-BA17-4C5309431565}.Release|x86.ActiveCfg = Release|Win32
		{AA5220A0-259A-4E42-BA17-4C5309431565}.Release|x86.Build.0 = Release|Win32
		{AB45AF64-F5AA-4A90-86D6-13D462780D8C}.Debug|x64.ActiveCfg = Debug|x64
		{AB45AF64-F5AA-4A90-86D6-13D462780D8C}.Debug|x64.Build.0 = Debug|x64
		{AB45AF64-F5AA-4A90-86D6-13D462780D8C}.Debug|x86.ActiveCfg = Debug|Win32
		{AB45AF64-F5AA-4A90-86D6-13D462780D8C}.Debug|x86.Build.0 = Debug|Win32
		{AB45AF64-F5AA-4A90-86D6-13D462780D8C}.Release|x64.ActiveCfg = Release|x64
		{AB45AF64-F5AA-4A90-86D6-13D462780D8C}.Release|x64.Build.0 = Release|x64
		{AB45AF64-F5AA-4A90-86D6-13D462780D8C}.Release|x86.ActiveCfg = Release|Win32
		{AB45AF64-F5AA-4A90-86D6-13D462780D8C}.Release|x86.Build.0 = Release|Win32
		{1AC0AA16-0DE7-4FD8-B489-524BB52FBF82}.Debug|x64.ActiveCfg = Debug|x64
		{1AC0AA16-0DE7-4FD8-B489-524BB52FBF82}.Debug|x64.Build.0 = Debug|x64
		{1AC0AA16-0DE7-4FD8-B489-524BB52FBF82}.Debug|x86.ActiveCfg = Debug|Win32
		{1AC0AA16-0DE7-4FD8-B489-524BB52FBF82}.Debug|x86.Build.0 = Debug|Win32
		{1AC0AA16-0DE7-4FD8-B489-524BB52FBF82}.Release|x64.ActiveCfg = Release|x64
		{1AC0AA16-0DE7-4FD8-B489-524BB52FBF82}.Release|x64.Build.0 = Release|x64
		{1AC0AA16-0DE7-4FD8-B489-524BB52FBF82}.Release|x86.ActiveCfg = Release|Win32
		{1AC0AA16-0DE7-4FD8-B489-524BB52FBF82}.Release|x86.Build.0 = Release|Win32
		{C2958DE0-5EC3-4D47-ABA1-7D1E611B5A03}.Debug|x64.ActiveCfg = Debug|x64
		{C2958DE0-5EC3-4D47-ABA1-7D1E611B5A03}.Debug|x64.Build.0 = Debug|x64
		{C2958DE0-5EC3-4D47-ABA1-7D1E611B5A03}.Debug|x86.ActiveCfg = Debug|Win32
		{C2958DE0-5EC3-4D47-ABA1-7D1E611B5A03}.Debug|x86.Build.0 = Debug|Win32
		{C2958DE0-5EC3-4D47-ABA1-7D1E611B5A03}.Release|x64.ActiveCfg = Release|x64
		{C2958DE0-5EC3-4D47-ABA1-7D1E611B5A03}.Release|x64.Build.0 = Release|x64
		{C2958DE0-5EC3-4D47-ABA1-7D1E611B5A03}.Release|x86.ActiveCfg = Release|Win32
		{C2958DE0-5EC3-4D47-ABA1-7D1E611B5A03}.Release|x86.Build.0 = Release|Win32
		{C7B90B4A-5E17-4ACD-A836-D81A7543F911}.Debug|x64.ActiveCfg = Debug|x64
		{C7B90B4A-5E17-4ACD-A836-D81A7543F911}.Debug|x64.Build.0 = Debug|x64
		{C7B90B4A-5E17-4ACD-A836-D81A7543F911}.Debug|x86.ActiveCfg = Debug|Win32
		{C7B90B4A-5E17-4ACD-A836-D81A7543F911}.Debug|x86.Build.0 = Debug|Win32
		{C7B90B4A-5E17-4ACD-A836-D81A7543F911}.Release|x64.ActiveCfg = Release|x64
		{C7B90B4A-5E17-4ACD-A836-D81A7543F911}.Release|x64.Build.0 = Release|x64
		{C7B90B4A-5E17-4ACD-A836-D81A7543F911}.Release|x86.ActiveCfg = Release|Win32
		{C7B90B4A-5E17-4ACD-A836-D81A7543F911}.Release|x86.Build.0 = Release|Win32
		{B1E7D625-5C59-4FEE-9D62-D4AB8E0749DC}.Debug|x64.ActiveCfg = Debug|x64
		{B1E7D625-5C59-4FEE-9D62-D4AB8E0749DC}.Debug|x64.Build.0 = Debug|x64
		{B1E7D625-5C59-4FEE-9D62-D4AB8E0749DC}.Debug|x86.ActiveCfg = Debug|Win32
		{B1E7D625-5C59-4FEE-9D62-D4AB8E0749DC}.Debug|x86.Build.0 = Debug|Win32
		{B1E7D625-5C59-4FEE-9D62-D4AB8E0749DC}.Release|x64.ActiveCfg = Release|x64
		{B1E7D625-5C59-4FEE-9D62-D4AB8E0749DC}.Release|x64.Build.0 = Release|x64
		{B1E7D625-5C59-4FEE-9D62-D4AB8E0749DC}.Release|x86.ActiveCfg = Release|Win32
		{B1E7D625-5C59-4FEE-9D62-D4AB8E0749DC}.Release|x86.Build.0 = Release|Win32
		{D0F1C50B-CE6A-4328-9126-D0BFC797683D}.Debug|x64.ActiveCfg = Debug|x64
		{D0F1C50B-CE6A-4328-9126-D0BFC797683D}.Debug|x64.Build.0 = Debug|x64
		{D0F1C50B-CE6A-4328-9126-D0BFC797683D}.Debug|x86.ActiveCfg = Debug|Win32
		{D0F1C50B-CE6A-4328-9126-D0BFC797683D}.Debug|x86.Build.0 = Debug|Win32
		{D0F1C50B-CE6A-4328-9126-D0BFC797683D}.Release|x64.ActiveCfg = Release|x64
		{D0F1C50B-CE6A-4328-9126-D0BFC797683D}.Release|x64.Build.0 = Release|x64
		{D0F1C50B-CE6A-4328-9126-D0BFC797683D}.Release|x86.ActiveCfg = Release|Win32
		{D0F1C50B-CE6A-4328-9126-D0BFC797683D}.Release|x86.Build.0 = Release|Win32
		{D75B9B6F-7B6C-4A9C-B7B3-3C7A4CCD2DFE}.Debug|x64.ActiveCfg = Debug|x64
		{D75B9B6F-7B6C-4A9C-B7B3-3C7A4CCD2DFE}.Debug|x64.Build.0 = Debug|x64
		{D75B9B6F-7B6C-4A9C-B7B3-3C7A4CCD2DFE}.Debug|x86.ActiveCfg = Debug|Win32
		{D75B9B6F-7B6C-4A9C-B7B3-3C7A4CCD2DFE}.Debug|x86.Build.0 = Debug|Win32
		{D75B9B6F-7B6C-4A9C-B7B3-3C7A4CCD2DFE}.Release|x64.ActiveCfg = Release|x64
		{D75B9B6F-7B6C-4A9C-B7B3-3C7A4CCD2DFE}.Release|x64.Build.0 = Release|x64
		{D75B9B6F-7B6C-4A9C-B7B3-3C7A4CCD2DFE}.Release|x86.ActiveCfg = Release|Win32
		{D75B9B6F-7B6C-4A9C-B7B3-3C7A4CCD2DFE}.Release|x86.Build.0 = Release|Win32
		{82C205A5-C414-47E2-A4AF-1FFB7D0CDEAC}.Debug|x64.ActiveCfg = Debug|x64
		{82C205A5-C414-47E2-A4AF-1FFB7D0CDEAC}.Debug|x64.Build.0 = Debug|x64
		{82C205A5-C414-47E2-A4AF-1FFB7D0CDEAC}.Debug|x86.ActiveCfg = Debug|Win32
		{82C205A5-C414-47E2-A4AF-1FFB7D0CDEAC}.Debug|x86.Build.0 = Debug|Win32
		{82C205A5-C414-47E2-A4AF-1FFB7D0CDEAC}.Release|x64.ActiveCfg = Release|x64
		{82C205A5-C414-47E2-A4AF-1FFB7D0CDEAC}.Release|x64.Build.0 = Release|x64
		{82C205A5-C414-47E2-A4AF-1FFB7D0CDEAC}.Release|x86.ActiveCfg = Release|Win32
		{82C205A5-C414-47E2-A4AF-1FFB7D0CDEAC}.Release|x86.Build.0 = Release|Win32
		{464697E9-5F55-4A2E-9C8A-14C6223CB051}.Debug|x64.ActiveCfg = Debug|x64
		{464697E9-5F55-4A2E-9C8A-14C6223CB051}.Debug|x64.Build.0 = Debug|x64
		{464697E9-5F55-4A2E-9C8A-14C6223CB051}.Debug|x86.ActiveCfg = Debug|Win32
		{464697E9-5F55-4A2E-9C8A-14C6223CB051}.Debug|x86.Build.0 = Debug|Win32
		{464697E9-5F55-4A2E-9C8A-14C6223CB051}.Release|x64.ActiveCfg = Release|x64
		{464697E9-5F55-4A2E-9C8A-14C6223CB051}.Release|x64.Build.0 = Release|x64
		{464697E9-5F55-4A2E-9C8A-14C6223CB051}.Release|x86.ActiveCfg = Release|Win32
		{464697E9-5F55-4A2E-9C8A-14C6223CB051}.Release|x86.Build.0 = Release|Win32
		{434C51AF-BEFC-47AE-B06D-F2B51DB6591F}.Debug|x64.ActiveCfg = Debug|x64
		{434C51AF-BEFC-47AE-B06D-F2B51DB6591F}.Debug|x64.Build.0 = Debug|x64
		{434C51AF-BEFC-47AE-B06D-F2B51DB6591F}.Debug|x86.ActiveCfg = Debug|Win32
		{434C51AF-BEFC-47AE-B06D-F2B51DB6591F}.Debug|x86.Build.0 = Debug|Win32
		{434C51AF-BEFC-47AE-B06D-F2B51DB6591F}.Release|x64.ActiveCfg = Release|x64
		{434C51AF-BEFC-47AE-B06D-F2B51DB6591F}.Release|x64.Build.0 = Release|x64
		{434C51AF-BEFC-47AE-B06D-F2B51DB6591F}.Release|x86.ActiveCfg = Release|Win32
		{434C51AF-BEFC-47AE-B06D-F2B51DB6591F}.Release|x86.Build.0 = Release|Win32
		{FDAF1F2B-E213-4AF8-97AB-40E46854B036}.Debug|x64.ActiveCfg = Debug|x64
		{FDAF1F2B-E213-4AF8-97AB-40E46854B036}.Debug|x64.Build.0 = Debug|x64
		{FDAF1F2B-E213-4AF8-97AB-40E46854B036}.Debug|x86.ActiveCfg = Debug|Win32
		{FDAF1F2B-E213-4AF8-97AB-40E46854B036}.Debug|x86.Build.0 = Debug|Win32
		{FDAF1F2B-E213-4AF8-97AB-40E46854B036}.Release|x64.ActiveCfg = Release|x64
		{FDAF1F2B-E213-4AF8-97AB-40E46854B036}.Release|x64.Build.0 = Release|x64
		{FDAF1F2B-E213-4AF8-97AB-40E46854B036}.Release|x86.ActiveCfg = Release|Win32
		{FDAF1F2B-E213-4AF8-97AB-40E46854B036}.Release|x86.Build.0 = Release|Win32
		{B11E3793-8282-4B99-92A4-E11E7AE26C9E}.Debug|x64.ActiveCfg = Debug|x64
		{B11E3793-8282-4B99-92A4-E11E7AE26C9E}.Debug|x64.Build.0 = Debug|x64
		{B11E3793-8282-4B99-92A4-E11E7AE26C9E}.Debug|x86.ActiveCfg = Debug|Win32
		{B11E3793-8282-4B99-92A4-E11E7AE26C9E}.Debug|x86.Build.0 = Debug|Win32
		{B11E3793-8282-4B99-92A4-E11E7AE26C9E}.Release|x64.ActiveCfg = Release|x64
		{B11E3793-8282-4B99-92A4-E11E7AE26C9E}.Release|x64.Build.0 = Release|x64
		{B11E3793-8282-4B99-92A4-E11E7AE26C9E}.Release|x86.ActiveCfg = Release|Win32
		{B11E3793-8282-4B99-92A4-E11E7AE26C9E}.Release|x86.Build.0 = Release|Win32
		{E45A1D89-CE4B-4886-B42C-E1058A35E284}.Debug|x64.ActiveCfg = Debug|x64
		{E45A1D89-CE4B-4886-B42C-E1058A35E284}.Debug|x64.Build.0 = Debug|x64
		{E45A1D89-CE4B-4886-B42C-E1058A35E284}.Debug|x86.ActiveCfg = Debug|Win32
		{E45A1D89-CE4B-4886-B42C-E1058A35E284}.Debug|x86.Build.0 = Debug|Win32
		{E45A1D89-CE4B-4886-B42C-E1058A35E284}.Release|x64.ActiveCfg = Release|x64
		{E45A1D89-CE4B-4886-B42C-E1058A35E284}.Release|x64.Build.0 = Release|x64
		{E45A1D89-CE4B-4886-B42C-E1058A35E284}.Release|x86.ActiveCfg = Release|Win32
		{E45A1D89-CE4B-4886-B42C-E1058A35E284}.Release|x86.Build.0 = Release|Win32
		{1BC240EE-DB97-4C45-9D9D-32BA372D6CF6}.Debug|x64.ActiveCfg = Debug|x64
		{1BC240EE-DB97-4C45-9D9D-32BA372D6CF6}.Debug|x64.Build.0 = Debug|x64
		{1BC240EE-DB97-4C45-9D9D-32BA372D6CF6}.Debug|x86.ActiveCfg = Debug|Win32
		{1BC240EE-DB97-4C45-9D9D-32BA372D6CF6}.Debug|x86.Build.0 = Debug|Win32
		{1BC240EE-DB97-4C45-9D9D-32BA372D6CF6}.Release|x64.ActiveCfg = Release|x64
		{1BC240EE-DB97-4C45-9D9D-32BA372D6CF6}.Release|x64.Build.0 = Release|x64
		{1BC240EE-DB97-4C45-9D9D-32BA372D6CF6}.Release|x86.ActiveCfg = Release|Win32
		{1BC240EE-DB97-4C45-9D9D-32BA372D6CF6}.Release|x86.Build.0 = Release|Win32
		{81C8CF0D-8621-4BFC-9268-FF62296CF9A1}.Debug|x64.ActiveCfg = Debug|x64
		{81C8CF0D-8621-4BFC-9268-FF62296CF9A1}.Debug|x64.Build.0 = Debug|x64
		{81C8CF0D-8621-4BFC-9268-FF62296CF9A1}.Debug|x86.ActiveCfg = Debug|Win32
		{81C8CF0D-8621-4BFC-9268-FF62296CF9A1}.Debug|x86.Build.0 = Debug|Win32
		{81C8CF0D-8621-4BFC-9268-FF62296CF9A1}.Release|x64.ActiveCfg = Release|x64
		{81C8CF0D-8621-4BFC-9268-FF62296CF9A1}.Release|x64.Build.0 = Release|x64
		{81C8CF0D-8621-4BFC-9268-FF62296CF9A1}.Release|x86.ActiveCfg = Release|Win32
		{81C8CF0D-8621-4BFC-9268-FF62296CF9A1}.Release|x86.Build.0 = Release|Win32
		{61113DC5-8C02-46B2-86FF-DF1565D859BA}.Debug|x64.ActiveCfg = Debug|x64
		{61113DC5-8C02-46B2-86FF-DF1565D859BA}.Debug|x64.Build.0 = Debug|x64
		{61113DC5-8C02-46B2-86FF-DF1565D859BA}.Debug|x86.ActiveCfg = Debug|Win32
		{61113DC5-8C02-46B2-86FF-DF1565D859BA}.Debug|x86.Build.0 = Debug|Win32
		{61113DC5-8C02-46B2-86FF-DF1565D859BA}.Release|x64.ActiveCfg = Release|x64
		{61113DC5-8C02-46B2-86FF-DF1565D859BA}.Release|x64.Build.0 = Release|x64
		{61113DC5-8C02-46B2-86FF-DF1565D859BA}.Release|x86.ActiveCfg = Release|Win32
		{61113DC5-8C02-46B2-86FF-DF1565D859BA}.Release|x86.Build.0 = Release|Win32
		{AA039751-4986-47FF-A4D6-0B7FAE97A5F7}.Debug|x64.ActiveCfg = Debug|x64
		{AA039751-4986-47FF-A4D6-0B7FAE97A5F7}.Debug|x64.Build.0 = Debug|x64
		{AA039751-4986-47FF-A4D6-0B7FAE97A5F7}.Debug|x86.ActiveCfg = Debug|Win32
		{AA039751-4986-47FF-A4D6-0B7FAE97A5F7}.Debug|x86.Build.0 = Debug|Win32
		{AA039751-4986-47FF-A4D6-0B7FAE97A5F7}.Release|x64.ActiveCfg = Release|x64
		{AA039751-4986-47FF-A4D6-0B7FAE97A5F7}.Release|x64.Build.0 = Release|x64
		{AA039751-4986-47FF-A4D6-0B7FAE97A5F7}.Release|x86.ActiveCfg = Release|Win32
		{AA039751-4986-47FF-A4D6-0B7FAE97A5F7}.Release|x86.Build.0 = Release|Win32
		{2334BC52-AA58-43EA-8F97-0A3FE0420A98}.Debug|x64.ActiveCfg = Debug|x64
		{2334BC52-AA58-43EA-8F97-0A3FE0420A98}.Debug|x64.Build.0 = Debug|x64
		{2334BC52-AA58-43EA-8F97-0A3FE0420A98}.Debug|x86.ActiveCfg = Debug|Win32
		{2334BC52-AA58-43EA-8F97-0A3FE0420A98}.Debug|x86.Build.0 = Debug|Win32
		{2334BC52-AA58-43EA-8F97-0A3FE0420A98}.Release|x64.ActiveCfg = Release|x64
		{2334BC52-AA58-43EA-8F97-0A3FE0420A98}.Release|x64.Build.0 = Release|x64
		{2334BC52-AA58-43EA-8F97-0A3FE0420A98}.Release|x86.ActiveCfg = Release|Win32
		{2334BC52-AA58-43EA-8F97-0A3FE0420A98}.Release|x86.Build.0 = Release|Win32
		{AA4E1069-EBF4-4464-9726-CF690023BBA5}.Debug|x64.ActiveCfg = Debug|x64
		{AA4E1069-EBF4-4464-9726-CF690023BBA5}.Debug|x64.Build.0 = Debug|x64
		{AA4E1069-EBF4-4464-9726-CF690023BBA5}.Debug|x86.ActiveCfg = Debug|Win32
		{AA4E1069-EBF4-4464-9726-CF690023BBA5}.Debug|x86.Build.0 = Debug|Win32
		{AA4E1069-EBF4-4464-9726-CF690023BBA5}.Release|x64.ActiveCfg = Release|x64
		{AA4E1069-EBF4-4464-9726-CF690023BBA5}.Release|x64.Build.0 = Release|x64
		{AA4E1069-EBF4-4464-9726-CF690023BBA5}.Release|x86.ActiveCfg = Release|Win32
		{AA4E1069-EBF4-4464-9726-CF690023BBA5}.Release|x86.Build.0 = Release|Win32
		{5FDF99BE-8C09-48BB-AE98-AE10ED68C3FE}.Debug|x64.ActiveCfg = Debug|x64
		{5FDF99BE-8C09-48BB-AE98-AE10ED68C3FE}.Debug|x64.Build.0 = Debug|x64
		{5FDF99BE-8C09-48BB-AE98-AE10ED68C3FE}.Debug|x86.ActiveCfg = Debug|Win32
		{5FDF99BE-8C09-48BB-AE98-AE10ED68C3FE}.Debug|x86.Build.0 = Debug|Win32
		{5FDF99BE-8C09-48BB-AE98-AE10ED68C3FE}.Release|x64.ActiveCfg = Release|x64
		{5FDF99BE-8C09-48BB-AE98-AE10ED68C3FE}.Release|x64.Build.0 = Release|x64
		{5FDF99BE-8C09-48BB-AE98-AE10ED68C3FE}.Release|x86.ActiveCfg = Release|Win32
		{5FDF99BE-8C09-48BB-AE98-AE10ED68C3FE}.Release|x86.Build.0 = Release|Win32
		{FD81C898-882C-4915-BAC5-436C74F2A2AE}.Debug|x64.ActiveCfg = Debug|x64
		{FD81C898-882C-4915-BAC5-436C74F2A2AE}.Debug|x64.Build.0 = Debug|x64
		{FD81C898-882C-4915-BAC5-436C74F2A2AE}.Debug|x86.ActiveCfg = Debug|Win32
		{FD81C898-882C-4915-BAC5-436C74F2A2AE}.Debug|x86.Build.0 = Debug|Win32
		{FD81C898-882C-4915-BAC5-436C74F2A2AE}.Release|x64.ActiveCfg = Release|x64
		{FD81C898-882C-4915-BAC5-436C74F2A2AE}.Release|x64.Build.0 = Release|x64
		{FD81C898-882C-4915-BAC5-436C74F2A2AE}.Release|x86.ActiveCfg = Release|Win32
		{FD81C898-882C-4915-BAC5-436C74F2A2AE}.Release|x86.Build.0 = Release|Win32
		{41FB2130-934D-4B1E-9C4B-B53A6A7C09AF}.Debug|x64.ActiveCfg = Debug|x64
		{41FB2130-934D-4B1E-9C4B-B53A6A7C09AF}.Debug|x64.Build.0 = Debug|x64
		{41FB2130-934D-4B1E-9C4B-B53A6A7C09AF}.Debug|x86.ActiveCfg = Debug|Win32
		{41FB2130-934D-4B1E-9C4B-B53A6A7C09AF}.Debug|x86.Build.0 = Debug|Win32
		{41FB2130-934D-4B1E-9C4B-B53A6A7C09AF}.Release|x64.ActiveCfg = Release|x64
		{41FB2130-934D-4B1E-9C4B-B53A6A7C09AF}.Release|x64.Build.0 = Release|x64
		{41FB2130-934D-4B1E-9C4B-B53A6A7C09AF}.Release|x86.ActiveCfg = Release|Win32
		{41FB2130-934D-4B1E-9C4B-B53A6A7C09AF}.Release|x86.Build.0 = Release|Win32
		{8212FB1B-1229-4243-8610-267F80EC4D22}.Debug|x64.ActiveCfg = Debug|x64
		{8212FB1B-1229-4243-8610-267F80EC4D22}.Debug|x64.Build.0 = Debug|x64
		{8212FB1B-1229-4243-8610-267F80EC4D22}.Debug|x86.ActiveCfg = Debug|Win32
		{8212FB1B-1229-4243-8610-267F80EC4D22}.Debug|x86.Build.0 = Debug|Win32
		{8212FB1B-1229-4243-8610-267F80EC4D22}.Release|x64.ActiveCfg = Release|x64
		{8212FB1B-1229-4243-8610-267F80EC4D22}.Release|x64.Build.0 = Release|x64
		{8212FB1B-1229-4243-8610-267F80EC4D22}.Release|x86.ActiveCfg = Release|Win32
		{8212FB1B-1229-4243-8610-267F80EC4D22}.Release|x86.Build.0 = Release|Win32
		{B04FDEC3-5A1B-4428-B7D0-08DFEB104F62}.Debug|x64.ActiveCfg = Debug|x64
		{B04FDEC3-5A1B-4428-B7D0-08DFEB104F62}.Debug|x64.Build.0 = Debug|x64
		{B04FDEC3-5A1B-4428-B7D0-08DFEB104F62}.Debug|x86.ActiveCfg = Debug|Win32
		{B04FDEC3-5A1B-4428-B7D0-08DFEB104F62}.Debug|x86.Build.0 = Debug|Win32
		{B04FDEC3-5A1B-4428-B7D0-08DFEB104F62}.Release|x64.ActiveCfg = Release|x64
		{B04FDEC3-5A1B-4428-B7D0-08DFEB104F62}.Release|x64.Build.0 = Release|x64
		{B04FDEC3-5A1B-4428-B7D0-08DFEB104F62}.Release|x86.ActiveCfg = Release|Win32
		{B04FDEC3-5A1B-4428-B7D0-08DFEB104F62}.Release|x86.Build.0 = Release|Win32
		{CAC517D8-7F2F-4835-BB2B-859C7FB9BD36}.Debug|x64.ActiveCfg = Debug|x64
		{CAC517D8-7F2F-4835-BB2B-859C7FB9BD36}.Debug|x64.Build.0 = Debug|x64
		{CAC517D8-7F2F-4835-BB2B-859C7FB9BD36}.Debug|x86.ActiveCfg = Debug|Win32
		{CAC517D8-7F2F-4835-BB2B-859C7FB9BD36}.Debug|x86.Build.0 = Debug|Win32
		{CAC517D8-7F2F-4835-BB2B-859C7FB9BD36}.Release|x64.ActiveCfg = Release|x64
		{CAC517D8-7F2F-4835-BB2B-859C7FB9BD36}.Release|x64.Build.0 = Release|x64
		{CAC517D8-7F2F-4835-BB2B-859C7FB9BD36}.Release|x86.ActiveCfg = Release|Win32
		{CAC517D8-7F2F-4835-BB2B-859C7FB9BD36}.Release|x86.Build.0 = Release|Win32
		{1D8B7F02-D84D-4E8C-9239-B10653924618}.Debug|x64.ActiveCfg = Debug|x64
		{1D8B7F02-D84D-4E8C-9239-B10653924618}.Debug|x64.Build.0 = Debug|x64
		{1D8B7F02-D84D-4E8C-9239-B10653924618}.Debug|x86.ActiveCfg = Debug|Win32
		{1D8B7F02-D84D-4E8C-9239-B10653924618}.Debug|x86.Build.0 = Debug|Win32
		{1D8B7F02-D84D-4E8C-9239-B10653924618}.Release|x64.ActiveCfg = Release|x64
		{1D8B7F02-D84D-4E8C-9239-B10653924618}.Release|x64.Build.0 = Release|x64
		{1D8B7F02-D84D-4E8C-9239-B10653924618}.Release|x86.ActiveCfg = Release|Win32
		{1D8B7F02-D84D-4E8C-9239-B10653924618}.Release|x86.Build.0 = Release|Win32
		{C3CDC380-0945-4C71-99F4-FD16BD7F6C5A}.Debug|x64.ActiveCfg = Debug|x64
		{C3CDC380-0945-4C71-99F4-FD16BD7F6C5A}.Debug|x64.Build.0 = Debug|x64
		{C3CDC380-0945-4C71-99F4-FD16BD7F6C5A}.Debug|x86.ActiveCfg = Debug|Win32
		{C3CDC380-0945-4C71-99F4-FD16BD7F6C5A}.Debug|x86.Build.0 = Debug|Win32
		{C3CDC380-0945-4C71-99F4-FD16BD7F6C5A}.Release|x64.ActiveCfg = Release|x64
		{C3CDC380-0945-4C71-99F4-FD16BD7F6C5A}.Release|x64.Build.0 = Release|x64
		{C3CDC380-0945-4C71-99F4-FD16BD7F6C5A}.Release|x86.ActiveCfg = Release|Win32
		{C3CDC380-0945-4C71-99F4-FD16BD7F6C5A}.Release|x86.Build.0 = Release|Win32
		{77B45903-B038-418E-A86D-93C89113DD45}.Debug|x64.ActiveCfg = Debug|x64
		{77B45903-B038-418E-A86D-93C89113DD45}.Debug|x64.Build.0 = Debug|x64
		{77B45903-B038-418E-A86D-93C89113DD45}.Debug|x86.ActiveCfg = Debug|Win32
		{77B45903-B038-418E-A86D-93C89113DD45}.Debug|x86.Build.0 = Debug|Win32
		{77B45903-B038-418E-A86D-93C89113DD45}.Release|x64.ActiveCfg = Release|x64
		{77B45903-B038-418E-A86D-93C89113DD45}.Release|x64.Build.0 = Release|x64
		{77B45903-B038-418E-A86D-93C89113DD45}.Release|x86.ActiveCfg = Release|Win32
		{77B45903-B038-418E-A86D-93C89113DD45}.Release|x86.Build.0 = Release|Win32
		{88FEBDC3-BFAE-49FE-8182-413F266E7CFA}.Debug|x64.ActiveCfg = Debug|x64
		{88FEBDC3-BFAE-49FE-8182-413F266E7CFA}.Debug|x64.Build.0 = Debug|x64
		{88FEBDC3-BFAE-49FE-8182-413F266E7CFA}.Debug|x86.ActiveCfg = Debug|Win32
		{88FEBDC3-BFAE-49FE-8182-413F266E7CFA}.Debug|x86.Build.0 = Debug|Win32
		{88FEBDC3-BFAE-49FE-8182-413F266E7CFA}.Release|x64.ActiveCfg = Release|x64
		{88FEBDC3-BFAE-49FE-8182-413F266E7CFA}.Release|x64.Build.0 = Release|x64
		{88FEBDC3-BFAE-49FE-8182-413F266E7CFA}.Release|x86.ActiveCfg = Release|Win32
		{88FEBDC3-BFAE-49FE-8182-413F266E7CFA}.Release|x86.Build.0 = Release|Win32
		{6CB3A567-54C4-4A3A-B336-6D49D203FC12}.Debug|x64.ActiveCfg = Debug|x64
		{6CB3A567-54C4-4A3A-B336-6D49D203FC12}.Debug|x64.Build.0 = Debug|x64
		{6CB3A567-54C4-4A3A-B336-6D49D203FC12}.Debug|x86.ActiveCfg = Debug|Win32
		{6CB3A567-54C4-4A3A-B336-6D49D203FC12}.Debug|x86.Build.0 = Debug|Win32
		{6CB3A567-54C4-4A3A-B336-6D49D203FC12}.Release|x64.ActiveCfg = Release|x64
		{6CB3A567-54C4-4A3A-B336-6D49D203FC12}.Release|x64.Build.0 = Release|x64
		{6CB3A567-54C4-4A3A-B336-6D49D203FC12}.Release|x86.ActiveCfg = Release|Win32
		{6CB3A567-54C4-4A3A-B336-6D49D203FC12}.Release|x86.Build.0 = Release|Win32
	EndGlobalSection
	GlobalSection(SolutionProperties) = preSolution
		HideSolutionNode = FALSE
	EndGlobalSection
	GlobalSection(ExtensibilityGlobals) = postSolution
		SolutionGuid = {0951874B-5FB9-43C7-AAC1-EFEF844E3138}
	EndGlobalSection
EndGlobal
